
Microsoft Visual Studio Solution File, Format Version 12.00
# Visual Studio Version 17
VisualStudioVersion = 17.6.33829.357
MinimumVisualStudioVersion = 10.0.40219.1
Project("{FAE04EC0-301F-11D3-BF4B-00C04F79EFBC}") = "Examen1grpB", "Examen1grpB\Examen1grpB.csproj", "{1015EADD-9C9E-48AF-8B51-C65BE76C00E5}"
EndProject
Global
	GlobalSection(SolutionConfigurationPlatforms) = preSolution
		Debug|Any CPU = Debug|Any CPU
		Release|Any CPU = Release|Any CPU
	EndGlobalSection
	GlobalSection(ProjectConfigurationPlatforms) = postSolution
		{1015EADD-9C9E-48AF-8B51-C65BE76C00E5}.Debug|Any CPU.ActiveCfg = Debug|Any CPU
		{1015EADD-9C9E-48AF-8B51-C65BE76C00E5}.Debug|Any CPU.Build.0 = Debug|Any CPU
		{1015EADD-9C9E-48AF-8B51-C65BE76C00E5}.Release|Any CPU.ActiveCfg = Release|Any CPU
		{1015EADD-9C9E-48AF-8B51-C65BE76C00E5}.Release|Any CPU.Build.0 = Release|Any CPU
	EndGlobalSection
	GlobalSection(SolutionProperties) = preSolution
		HideSolutionNode = FALSE
	EndGlobalSection
	GlobalSection(ExtensibilityGlobals) = postSolution
		SolutionGuid = {DE3AADBE-4ABC-46FD-8D5B-460618682D66}
	EndGlobalSection
EndGlobal
